
Microsoft Visual Studio Solution File, Format Version 11.00
# Visual Studio 2010
Project("{FAE04EC0-301F-11D3-BF4B-00C04F79EFBC}") = "CarDealership", "CarDealership\CarDealership.csproj", "{16A44CED-F2CB-45E6-AF96-A743D3FF306D}"
EndProject
Project("{FAE04EC0-301F-11D3-BF4B-00C04F79EFBC}") = "CarDealership.Tests", "CarDealership.Tests\CarDealership.Tests.csproj", "{E167841D-6C59-491C-92D0-3F4AD2B7B335}"
EndProject
Global
	GlobalSection(SolutionConfigurationPlatforms) = preSolution
		Debug|Any CPU = Debug|Any CPU
		Release|Any CPU = Release|Any CPU
	EndGlobalSection
	GlobalSection(ProjectConfigurationPlatforms) = postSolution
		{16A44CED-F2CB-45E6-AF96-A743D3FF306D}.Debug|Any CPU.ActiveCfg = Debug|Any CPU
		{16A44CED-F2CB-45E6-AF96-A743D3FF306D}.Debug|Any CPU.Build.0 = Debug|Any CPU
		{16A44CED-F2CB-45E6-AF96-A743D3FF306D}.Release|Any CPU.ActiveCfg = Release|Any CPU
		{16A44CED-F2CB-45E6-AF96-A743D3FF306D}.Release|Any CPU.Build.0 = Release|Any CPU
		{E167841D-6C59-491C-92D0-3F4AD2B7B335}.Debug|Any CPU.ActiveCfg = Debug|Any CPU
		{E167841D-6C59-491C-92D0-3F4AD2B7B335}.Debug|Any CPU.Build.0 = Debug|Any CPU
		{E167841D-6C59-491C-92D0-3F4AD2B7B335}.Release|Any CPU.ActiveCfg = Release|Any CPU
		{E167841D-6C59-491C-92D0-3F4AD2B7B335}.Release|Any CPU.Build.0 = Release|Any CPU
	EndGlobalSection
	GlobalSection(SolutionProperties) = preSolution
		HideSolutionNode = FALSE
	EndGlobalSection
EndGlobal
