
Microsoft Visual Studio Solution File, Format Version 12.00
# Visual Studio 2012
Project("{FAE04EC0-301F-11D3-BF4B-00C04F79EFBC}") = "CarDealership", "CarDealership\CarDealership.csproj", "{012B329D-D31F-4741-B1C4-18491327D5FD}"
EndProject
Project("{FAE04EC0-301F-11D3-BF4B-00C04F79EFBC}") = "CarDealership.Tests", "CarDealership.Tests\CarDealership.Tests.csproj", "{7C11C739-D8E2-4455-9C57-C48CE8FDC641}"
EndProject
Global
	GlobalSection(SolutionConfigurationPlatforms) = preSolution
		Debug|Any CPU = Debug|Any CPU
		Release|Any CPU = Release|Any CPU
	EndGlobalSection
	GlobalSection(ProjectConfigurationPlatforms) = postSolution
		{012B329D-D31F-4741-B1C4-18491327D5FD}.Debug|Any CPU.ActiveCfg = Debug|Any CPU
		{012B329D-D31F-4741-B1C4-18491327D5FD}.Debug|Any CPU.Build.0 = Debug|Any CPU
		{012B329D-D31F-4741-B1C4-18491327D5FD}.Release|Any CPU.ActiveCfg = Release|Any CPU
		{012B329D-D31F-4741-B1C4-18491327D5FD}.Release|Any CPU.Build.0 = Release|Any CPU
		{7C11C739-D8E2-4455-9C57-C48CE8FDC641}.Debug|Any CPU.ActiveCfg = Debug|Any CPU
		{7C11C739-D8E2-4455-9C57-C48CE8FDC641}.Debug|Any CPU.Build.0 = Debug|Any CPU
		{7C11C739-D8E2-4455-9C57-C48CE8FDC641}.Release|Any CPU.ActiveCfg = Release|Any CPU
		{7C11C739-D8E2-4455-9C57-C48CE8FDC641}.Release|Any CPU.Build.0 = Release|Any CPU
	EndGlobalSection
	GlobalSection(SolutionProperties) = preSolution
		HideSolutionNode = FALSE
	EndGlobalSection
EndGlobal
